
Microsoft Visual Studio Solution File, Format Version 12.00
# Visual Studio 2012
Project("{FAE04EC0-301F-11D3-BF4B-00C04F79EFBC}") = "Animater", "Animater\Animater.csproj", "{F96B7B03-BCCA-47C3-BB69-5BD4BD1A8DC5}"
EndProject
Project("{FAE04EC0-301F-11D3-BF4B-00C04F79EFBC}") = "Animater.iOS", "iOS\Animater.iOS.csproj", "{B5D11622-E65A-4218-AE1C-452723EA7643}"
EndProject
Project("{FAE04EC0-301F-11D3-BF4B-00C04F79EFBC}") = "Animater.Droid", "Droid\Animater.Droid.csproj", "{95B2666F-CFD2-4704-8279-64F2A4543072}"
EndProject
Project("{D954291E-2A0B-460D-934E-DC6B0785DB48}") = "SharedResources", "SharedResources\SharedResources.shproj", "{C7A3C171-955C-4A29-8A41-6886A349C9E2}"
EndProject
Global
	GlobalSection(SolutionConfigurationPlatforms) = preSolution
		Debug|Any CPU = Debug|Any CPU
		Release|Any CPU = Release|Any CPU
		Debug|iPhoneSimulator = Debug|iPhoneSimulator
		Release|iPhone = Release|iPhone
		Release|iPhoneSimulator = Release|iPhoneSimulator
		Debug|iPhone = Debug|iPhone
	EndGlobalSection
	GlobalSection(ProjectConfigurationPlatforms) = postSolution
		{F96B7B03-BCCA-47C3-BB69-5BD4BD1A8DC5}.Debug|Any CPU.ActiveCfg = Debug|Any CPU
		{F96B7B03-BCCA-47C3-BB69-5BD4BD1A8DC5}.Debug|Any CPU.Build.0 = Debug|Any CPU
		{F96B7B03-BCCA-47C3-BB69-5BD4BD1A8DC5}.Release|Any CPU.ActiveCfg = Release|Any CPU
		{F96B7B03-BCCA-47C3-BB69-5BD4BD1A8DC5}.Release|Any CPU.Build.0 = Release|Any CPU
		{F96B7B03-BCCA-47C3-BB69-5BD4BD1A8DC5}.Debug|iPhoneSimulator.ActiveCfg = Debug|Any CPU
		{F96B7B03-BCCA-47C3-BB69-5BD4BD1A8DC5}.Debug|iPhoneSimulator.Build.0 = Debug|Any CPU
		{F96B7B03-BCCA-47C3-BB69-5BD4BD1A8DC5}.Release|iPhone.ActiveCfg = Release|Any CPU
		{F96B7B03-BCCA-47C3-BB69-5BD4BD1A8DC5}.Release|iPhone.Build.0 = Release|Any CPU
		{F96B7B03-BCCA-47C3-BB69-5BD4BD1A8DC5}.Release|iPhoneSimulator.ActiveCfg = Release|Any CPU
		{F96B7B03-BCCA-47C3-BB69-5BD4BD1A8DC5}.Release|iPhoneSimulator.Build.0 = Release|Any CPU
		{F96B7B03-BCCA-47C3-BB69-5BD4BD1A8DC5}.Debug|iPhone.ActiveCfg = Debug|Any CPU
		{F96B7B03-BCCA-47C3-BB69-5BD4BD1A8DC5}.Debug|iPhone.Build.0 = Debug|Any CPU
		{B5D11622-E65A-4218-AE1C-452723EA7643}.Debug|Any CPU.ActiveCfg = Debug|iPhoneSimulator
		{B5D11622-E65A-4218-AE1C-452723EA7643}.Debug|Any CPU.Build.0 = Debug|iPhoneSimulator
		{B5D11622-E65A-4218-AE1C-452723EA7643}.Release|Any CPU.ActiveCfg = Release|iPhone
		{B5D11622-E65A-4218-AE1C-452723EA7643}.Release|Any CPU.Build.0 = Release|iPhone
		{B5D11622-E65A-4218-AE1C-452723EA7643}.Debug|iPhoneSimulator.ActiveCfg = Debug|iPhoneSimulator
		{B5D11622-E65A-4218-AE1C-452723EA7643}.Debug|iPhoneSimulator.Build.0 = Debug|iPhoneSimulator
		{B5D11622-E65A-4218-AE1C-452723EA7643}.Release|iPhone.ActiveCfg = Release|iPhone
		{B5D11622-E65A-4218-AE1C-452723EA7643}.Release|iPhone.Build.0 = Release|iPhone
		{B5D11622-E65A-4218-AE1C-452723EA7643}.Release|iPhoneSimulator.ActiveCfg = Release|iPhoneSimulator
		{B5D11622-E65A-4218-AE1C-452723EA7643}.Release|iPhoneSimulator.Build.0 = Release|iPhoneSimulator
		{B5D11622-E65A-4218-AE1C-452723EA7643}.Debug|iPhone.ActiveCfg = Debug|iPhone
		{B5D11622-E65A-4218-AE1C-452723EA7643}.Debug|iPhone.Build.0 = Debug|iPhone
		{95B2666F-CFD2-4704-8279-64F2A4543072}.Debug|Any CPU.ActiveCfg = Debug|Any CPU
		{95B2666F-CFD2-4704-8279-64F2A4543072}.Debug|Any CPU.Build.0 = Debug|Any CPU
		{95B2666F-CFD2-4704-8279-64F2A4543072}.Release|Any CPU.ActiveCfg = Release|Any CPU
		{95B2666F-CFD2-4704-8279-64F2A4543072}.Release|Any CPU.Build.0 = Release|Any CPU
		{95B2666F-CFD2-4704-8279-64F2A4543072}.Debug|iPhoneSimulator.ActiveCfg = Debug|Any CPU
		{95B2666F-CFD2-4704-8279-64F2A4543072}.Debug|iPhoneSimulator.Build.0 = Debug|Any CPU
		{95B2666F-CFD2-4704-8279-64F2A4543072}.Release|iPhone.ActiveCfg = Release|Any CPU
		{95B2666F-CFD2-4704-8279-64F2A4543072}.Release|iPhone.Build.0 = Release|Any CPU
		{95B2666F-CFD2-4704-8279-64F2A4543072}.Release|iPhoneSimulator.ActiveCfg = Release|Any CPU
		{95B2666F-CFD2-4704-8279-64F2A4543072}.Release|iPhoneSimulator.Build.0 = Release|Any CPU
		{95B2666F-CFD2-4704-8279-64F2A4543072}.Debug|iPhone.ActiveCfg = Debug|Any CPU
		{95B2666F-CFD2-4704-8279-64F2A4543072}.Debug|iPhone.Build.0 = Debug|Any CPU
	EndGlobalSection
EndGlobal
