
Microsoft Visual Studio Solution File, Format Version 12.00
# Visual Studio 2012
Project("{FAE04EC0-301F-11D3-BF4B-00C04F79EFBC}") = "Animater", "Animater\Animater.csproj", "{42356A54-04E8-41B9-9BD3-EBFE258AF963}"
EndProject
Project("{FAE04EC0-301F-11D3-BF4B-00C04F79EFBC}") = "Animater.iOS", "iOS\Animater.iOS.csproj", "{CE30414D-E4AB-442B-99AC-7DF597131F70}"
EndProject
Project("{FAE04EC0-301F-11D3-BF4B-00C04F79EFBC}") = "Animater.Droid", "Droid\Animater.Droid.csproj", "{A4425328-32FA-45F4-B983-AD6E66BC8029}"
EndProject
Global
	GlobalSection(SolutionConfigurationPlatforms) = preSolution
		Debug|Any CPU = Debug|Any CPU
		Release|Any CPU = Release|Any CPU
		Debug|iPhoneSimulator = Debug|iPhoneSimulator
		Release|iPhone = Release|iPhone
		Release|iPhoneSimulator = Release|iPhoneSimulator
		Debug|iPhone = Debug|iPhone
	EndGlobalSection
	GlobalSection(ProjectConfigurationPlatforms) = postSolution
		{42356A54-04E8-41B9-9BD3-EBFE258AF963}.Debug|Any CPU.ActiveCfg = Debug|Any CPU
		{42356A54-04E8-41B9-9BD3-EBFE258AF963}.Debug|Any CPU.Build.0 = Debug|Any CPU
		{42356A54-04E8-41B9-9BD3-EBFE258AF963}.Release|Any CPU.ActiveCfg = Release|Any CPU
		{42356A54-04E8-41B9-9BD3-EBFE258AF963}.Release|Any CPU.Build.0 = Release|Any CPU
		{42356A54-04E8-41B9-9BD3-EBFE258AF963}.Debug|iPhoneSimulator.ActiveCfg = Debug|Any CPU
		{42356A54-04E8-41B9-9BD3-EBFE258AF963}.Debug|iPhoneSimulator.Build.0 = Debug|Any CPU
		{42356A54-04E8-41B9-9BD3-EBFE258AF963}.Release|iPhone.ActiveCfg = Release|Any CPU
		{42356A54-04E8-41B9-9BD3-EBFE258AF963}.Release|iPhone.Build.0 = Release|Any CPU
		{42356A54-04E8-41B9-9BD3-EBFE258AF963}.Release|iPhoneSimulator.ActiveCfg = Release|Any CPU
		{42356A54-04E8-41B9-9BD3-EBFE258AF963}.Release|iPhoneSimulator.Build.0 = Release|Any CPU
		{42356A54-04E8-41B9-9BD3-EBFE258AF963}.Debug|iPhone.ActiveCfg = Debug|Any CPU
		{42356A54-04E8-41B9-9BD3-EBFE258AF963}.Debug|iPhone.Build.0 = Debug|Any CPU
		{CE30414D-E4AB-442B-99AC-7DF597131F70}.Debug|Any CPU.ActiveCfg = Debug|iPhoneSimulator
		{CE30414D-E4AB-442B-99AC-7DF597131F70}.Debug|Any CPU.Build.0 = Debug|iPhoneSimulator
		{CE30414D-E4AB-442B-99AC-7DF597131F70}.Release|Any CPU.ActiveCfg = Release|iPhone
		{CE30414D-E4AB-442B-99AC-7DF597131F70}.Release|Any CPU.Build.0 = Release|iPhone
		{CE30414D-E4AB-442B-99AC-7DF597131F70}.Debug|iPhoneSimulator.ActiveCfg = Debug|iPhoneSimulator
		{CE30414D-E4AB-442B-99AC-7DF597131F70}.Debug|iPhoneSimulator.Build.0 = Debug|iPhoneSimulator
		{CE30414D-E4AB-442B-99AC-7DF597131F70}.Release|iPhone.ActiveCfg = Release|iPhone
		{CE30414D-E4AB-442B-99AC-7DF597131F70}.Release|iPhone.Build.0 = Release|iPhone
		{CE30414D-E4AB-442B-99AC-7DF597131F70}.Release|iPhoneSimulator.ActiveCfg = Release|iPhoneSimulator
		{CE30414D-E4AB-442B-99AC-7DF597131F70}.Release|iPhoneSimulator.Build.0 = Release|iPhoneSimulator
		{CE30414D-E4AB-442B-99AC-7DF597131F70}.Debug|iPhone.ActiveCfg = Debug|iPhone
		{CE30414D-E4AB-442B-99AC-7DF597131F70}.Debug|iPhone.Build.0 = Debug|iPhone
		{A4425328-32FA-45F4-B983-AD6E66BC8029}.Debug|Any CPU.ActiveCfg = Debug|Any CPU
		{A4425328-32FA-45F4-B983-AD6E66BC8029}.Debug|Any CPU.Build.0 = Debug|Any CPU
		{A4425328-32FA-45F4-B983-AD6E66BC8029}.Release|Any CPU.ActiveCfg = Release|Any CPU
		{A4425328-32FA-45F4-B983-AD6E66BC8029}.Release|Any CPU.Build.0 = Release|Any CPU
		{A4425328-32FA-45F4-B983-AD6E66BC8029}.Debug|iPhoneSimulator.ActiveCfg = Debug|Any CPU
		{A4425328-32FA-45F4-B983-AD6E66BC8029}.Debug|iPhoneSimulator.Build.0 = Debug|Any CPU
		{A4425328-32FA-45F4-B983-AD6E66BC8029}.Release|iPhone.ActiveCfg = Release|Any CPU
		{A4425328-32FA-45F4-B983-AD6E66BC8029}.Release|iPhone.Build.0 = Release|Any CPU
		{A4425328-32FA-45F4-B983-AD6E66BC8029}.Release|iPhoneSimulator.ActiveCfg = Release|Any CPU
		{A4425328-32FA-45F4-B983-AD6E66BC8029}.Release|iPhoneSimulator.Build.0 = Release|Any CPU
		{A4425328-32FA-45F4-B983-AD6E66BC8029}.Debug|iPhone.ActiveCfg = Debug|Any CPU
		{A4425328-32FA-45F4-B983-AD6E66BC8029}.Debug|iPhone.Build.0 = Debug|Any CPU
	EndGlobalSection
EndGlobal
